
Microsoft Visual Studio Solution File, Format Version 12.00
# Visual Studio Version 17
VisualStudioVersion = 17.0.31903.59
MinimumVisualStudioVersion = 10.0.40219.1
Project("{FAE04EC0-301F-11D3-BF4B-00C04F79EFBC}") = "TrainingWeekTestProject", "TrainingWeekTestProject\TrainingWeekTestProject.csproj", "{B0B0C41D-B1D8-4E49-A5DB-89E63DE6EE33}"
EndProject
Global
	GlobalSection(SolutionConfigurationPlatforms) = preSolution
		Debug|Any CPU = Debug|Any CPU
		Release|Any CPU = Release|Any CPU
	EndGlobalSection
	GlobalSection(ProjectConfigurationPlatforms) = postSolution
		{B0B0C41D-B1D8-4E49-A5DB-89E63DE6EE33}.Debug|Any CPU.ActiveCfg = Debug|Any CPU
		{B0B0C41D-B1D8-4E49-A5DB-89E63DE6EE33}.Debug|Any CPU.Build.0 = Debug|Any CPU
		{B0B0C41D-B1D8-4E49-A5DB-89E63DE6EE33}.Release|Any CPU.ActiveCfg = Release|Any CPU
		{B0B0C41D-B1D8-4E49-A5DB-89E63DE6EE33}.Release|Any CPU.Build.0 = Release|Any CPU
	EndGlobalSection
	GlobalSection(SolutionProperties) = preSolution
		HideSolutionNode = FALSE
	EndGlobalSection
	GlobalSection(ExtensibilityGlobals) = postSolution
		SolutionGuid = {801C18EC-F2D7-4E97-8CAF-410E2C6D9433}
	EndGlobalSection
EndGlobal
